
Microsoft Visual Studio Solution File, Format Version 12.00
# Visual Studio 15
VisualStudioVersion = 15.0.28307.421
MinimumVisualStudioVersion = 10.0.40219.1
Project("{FAE04EC0-301F-11D3-BF4B-00C04F79EFBC}") = "Firstprogram", "Firstprogram\Firstprogram.csproj", "{103EA278-D45B-4DB4-B50B-1A18DB93A4E1}"
EndProject
Global
	GlobalSection(SolutionConfigurationPlatforms) = preSolution
		Debug|Any CPU = Debug|Any CPU
		Release|Any CPU = Release|Any CPU
	EndGlobalSection
	GlobalSection(ProjectConfigurationPlatforms) = postSolution
		{103EA278-D45B-4DB4-B50B-1A18DB93A4E1}.Debug|Any CPU.ActiveCfg = Debug|Any CPU
		{103EA278-D45B-4DB4-B50B-1A18DB93A4E1}.Debug|Any CPU.Build.0 = Debug|Any CPU
		{103EA278-D45B-4DB4-B50B-1A18DB93A4E1}.Release|Any CPU.ActiveCfg = Release|Any CPU
		{103EA278-D45B-4DB4-B50B-1A18DB93A4E1}.Release|Any CPU.Build.0 = Release|Any CPU
	EndGlobalSection
	GlobalSection(SolutionProperties) = preSolution
		HideSolutionNode = FALSE
	EndGlobalSection
	GlobalSection(ExtensibilityGlobals) = postSolution
		SolutionGuid = {7361F087-D12D-47F9-A4E6-4D0FA44EBE75}
	EndGlobalSection
EndGlobal
